
Microsoft Visual Studio Solution File, Format Version 12.00
# Visual Studio Version 16
VisualStudioVersion = 16.0.30611.23
MinimumVisualStudioVersion = 10.0.40219.1
Project("{FAE04EC0-301F-11D3-BF4B-00C04F79EFBC}") = "RecipeFinder.WebClient", "RecipeFinder.WebClient\RecipeFinder.WebClient.csproj", "{CA90BF9E-EDE7-4453-B4CB-BBDD8664C185}"
EndProject
Project("{FAE04EC0-301F-11D3-BF4B-00C04F79EFBC}") = "RecipeFinder.Desktop", "RecipeFinder.Desktop\RecipeFinder.Desktop.csproj", "{9DA236E3-97DC-4E15-B89A-B21851AD8355}"
EndProject
Project("{FAE04EC0-301F-11D3-BF4B-00C04F79EFBC}") = "RecipeFinder.DataLayer", "RecipeFinder.DataLayer\RecipeFinder.DataLayer.csproj", "{01932993-D77E-4A48-9732-20D73D73B2D4}"
EndProject
Project("{FAE04EC0-301F-11D3-BF4B-00C04F79EFBC}") = "RecipeFinder.WebAPI", "RecipeFinder.WebAPI\RecipeFinder.WebAPI.csproj", "{61849D39-4490-4582-856C-77FBFDB722A6}"
EndProject
Project("{FAE04EC0-301F-11D3-BF4B-00C04F79EFBC}") = "RecipeFinder.BusinessLayer", "RecipeFinder.BusinessLayer\RecipeFinder.BusinessLayer.csproj", "{95F78F55-ED82-404A-96FA-D95C336F3008}"
EndProject
Project("{FAE04EC0-301F-11D3-BF4B-00C04F79EFBC}") = "RecipeFinder.DevTools", "RecipeFinder.DevTools\RecipeFinder.DevTools.csproj", "{4F34B7E8-6862-45F4-834D-7BEED32D4E9E}"
EndProject
Global
	GlobalSection(SolutionConfigurationPlatforms) = preSolution
		Debug|Any CPU = Debug|Any CPU
		Release|Any CPU = Release|Any CPU
	EndGlobalSection
	GlobalSection(ProjectConfigurationPlatforms) = postSolution
		{CA90BF9E-EDE7-4453-B4CB-BBDD8664C185}.Debug|Any CPU.ActiveCfg = Debug|Any CPU
		{CA90BF9E-EDE7-4453-B4CB-BBDD8664C185}.Debug|Any CPU.Build.0 = Debug|Any CPU
		{CA90BF9E-EDE7-4453-B4CB-BBDD8664C185}.Release|Any CPU.ActiveCfg = Release|Any CPU
		{CA90BF9E-EDE7-4453-B4CB-BBDD8664C185}.Release|Any CPU.Build.0 = Release|Any CPU
		{9DA236E3-97DC-4E15-B89A-B21851AD8355}.Debug|Any CPU.ActiveCfg = Debug|Any CPU
		{9DA236E3-97DC-4E15-B89A-B21851AD8355}.Debug|Any CPU.Build.0 = Debug|Any CPU
		{9DA236E3-97DC-4E15-B89A-B21851AD8355}.Release|Any CPU.ActiveCfg = Release|Any CPU
		{9DA236E3-97DC-4E15-B89A-B21851AD8355}.Release|Any CPU.Build.0 = Release|Any CPU
		{01932993-D77E-4A48-9732-20D73D73B2D4}.Debug|Any CPU.ActiveCfg = Debug|Any CPU
		{01932993-D77E-4A48-9732-20D73D73B2D4}.Debug|Any CPU.Build.0 = Debug|Any CPU
		{01932993-D77E-4A48-9732-20D73D73B2D4}.Release|Any CPU.ActiveCfg = Release|Any CPU
		{01932993-D77E-4A48-9732-20D73D73B2D4}.Release|Any CPU.Build.0 = Release|Any CPU
		{61849D39-4490-4582-856C-77FBFDB722A6}.Debug|Any CPU.ActiveCfg = Debug|Any CPU
		{61849D39-4490-4582-856C-77FBFDB722A6}.Debug|Any CPU.Build.0 = Debug|Any CPU
		{61849D39-4490-4582-856C-77FBFDB722A6}.Release|Any CPU.ActiveCfg = Release|Any CPU
		{61849D39-4490-4582-856C-77FBFDB722A6}.Release|Any CPU.Build.0 = Release|Any CPU
		{95F78F55-ED82-404A-96FA-D95C336F3008}.Debug|Any CPU.ActiveCfg = Debug|Any CPU
		{95F78F55-ED82-404A-96FA-D95C336F3008}.Debug|Any CPU.Build.0 = Debug|Any CPU
		{95F78F55-ED82-404A-96FA-D95C336F3008}.Release|Any CPU.ActiveCfg = Release|Any CPU
		{95F78F55-ED82-404A-96FA-D95C336F3008}.Release|Any CPU.Build.0 = Release|Any CPU
		{4F34B7E8-6862-45F4-834D-7BEED32D4E9E}.Debug|Any CPU.ActiveCfg = Debug|Any CPU
		{4F34B7E8-6862-45F4-834D-7BEED32D4E9E}.Debug|Any CPU.Build.0 = Debug|Any CPU
		{4F34B7E8-6862-45F4-834D-7BEED32D4E9E}.Release|Any CPU.ActiveCfg = Release|Any CPU
		{4F34B7E8-6862-45F4-834D-7BEED32D4E9E}.Release|Any CPU.Build.0 = Release|Any CPU
	EndGlobalSection
	GlobalSection(SolutionProperties) = preSolution
		HideSolutionNode = FALSE
	EndGlobalSection
	GlobalSection(ExtensibilityGlobals) = postSolution
		SolutionGuid = {AFD9120A-F13C-4E98-8FAB-6496AE544674}
	EndGlobalSection
EndGlobal
